
Microsoft Visual Studio Solution File, Format Version 12.00
# Visual Studio 2015
Project("{FAE04EC0-301F-11D3-BF4B-00C04F79EFBC}") = "Sacrithia", "Sacrithia.csproj", "{6CCF9AA6-9AC0-A81B-1A36-0878F02EDBC0}"
EndProject
Global
	GlobalSection(SolutionConfigurationPlatforms) = preSolution
		Debug|Any CPU = Debug|Any CPU
		Release|Any CPU = Release|Any CPU
	EndGlobalSection
	GlobalSection(ProjectConfigurationPlatforms) = postSolution
		{6CCF9AA6-9AC0-A81B-1A36-0878F02EDBC0}.Debug|Any CPU.ActiveCfg = Debug|Any CPU
		{6CCF9AA6-9AC0-A81B-1A36-0878F02EDBC0}.Debug|Any CPU.Build.0 = Debug|Any CPU
		{6CCF9AA6-9AC0-A81B-1A36-0878F02EDBC0}.Release|Any CPU.ActiveCfg = Release|Any CPU
		{6CCF9AA6-9AC0-A81B-1A36-0878F02EDBC0}.Release|Any CPU.Build.0 = Release|Any CPU
	EndGlobalSection
	GlobalSection(SolutionProperties) = preSolution
		HideSolutionNode = FALSE
	EndGlobalSection
EndGlobal
